// !$*UTF8*$!
{
	archiveVersion = 1;
	classes = {
	};
	objectVersion = 51;
	objects = {

/* Begin PBXBuildFile section */
		A25E98520D2B7135BC0E6246 /* Pods_Off_The_Grid.framework in Frameworks */ = {isa = PBXBuildFile; fileRef = 539FCD9E5BD963820D1A8FD8 /* Pods_Off_The_Grid.framework */; };
		E54888E42602485100631BA1 /* AppDelegate.swift in Sources */ = {isa = PBXBuildFile; fileRef = E54888E32602485100631BA1 /* AppDelegate.swift */; };
		E54888E62602485100631BA1 /* SceneDelegate.swift in Sources */ = {isa = PBXBuildFile; fileRef = E54888E52602485100631BA1 /* SceneDelegate.swift */; };
		E54888E82602485100631BA1 /* MapViewController.swift in Sources */ = {isa = PBXBuildFile; fileRef = E54888E72602485100631BA1 /* MapViewController.swift */; };
		E54888EB2602485100631BA1 /* Main.storyboard in Resources */ = {isa = PBXBuildFile; fileRef = E54888E92602485100631BA1 /* Main.storyboard */; };
		E54888ED2602485200631BA1 /* Assets.xcassets in Resources */ = {isa = PBXBuildFile; fileRef = E54888EC2602485200631BA1 /* Assets.xcassets */; };
		E54888F02602485200631BA1 /* LaunchScreen.storyboard in Resources */ = {isa = PBXBuildFile; fileRef = E54888EE2602485200631BA1 /* LaunchScreen.storyboard */; };
		E5586765260ACED600385A85 /* locations.geojson in Resources */ = {isa = PBXBuildFile; fileRef = E5586764260ACED600385A85 /* locations.geojson */; };
/* End PBXBuildFile section */

/* Begin PBXFileReference section */
		39C6FAA1F48AB0E883A4CB1C /* Pods-Off The Grid.release.xcconfig */ = {isa = PBXFileReference; includeInIndex = 1; lastKnownFileType = text.xcconfig; name = "Pods-Off The Grid.release.xcconfig"; path = "Target Support Files/Pods-Off The Grid/Pods-Off The Grid.release.xcconfig"; sourceTree = "<group>"; };
		539FCD9E5BD963820D1A8FD8 /* Pods_Off_The_Grid.framework */ = {isa = PBXFileReference; explicitFileType = wrapper.framework; includeInIndex = 0; path = Pods_Off_The_Grid.framework; sourceTree = BUILT_PRODUCTS_DIR; };
		B871CDF0698B1CFF6EB78900 /* Pods-Off The Grid.debug.xcconfig */ = {isa = PBXFileReference; includeInIndex = 1; lastKnownFileType = text.xcconfig; name = "Pods-Off The Grid.debug.xcconfig"; path = "Target Support Files/Pods-Off The Grid/Pods-Off The Grid.debug.xcconfig"; sourceTree = "<group>"; };
		E54888E02602485100631BA1 /* Off The Grid.app */ = {isa = PBXFileReference; explicitFileType = wrapper.application; includeInIndex = 0; path = "Off The Grid.app"; sourceTree = BUILT_PRODUCTS_DIR; };
		E54888E32602485100631BA1 /* AppDelegate.swift */ = {isa = PBXFileReference; lastKnownFileType = sourcecode.swift; path = AppDelegate.swift; sourceTree = "<group>"; };
		E54888E52602485100631BA1 /* SceneDelegate.swift */ = {isa = PBXFileReference; lastKnownFileType = sourcecode.swift; path = SceneDelegate.swift; sourceTree = "<group>"; };
		E54888E72602485100631BA1 /* MapViewController.swift */ = {isa = PBXFileReference; lastKnownFileType = sourcecode.swift; path = MapViewController.swift; sourceTree = "<group>"; };
		E54888EA2602485100631BA1 /* Base */ = {isa = PBXFileReference; lastKnownFileType = file.storyboard; name = Base; path = Base.lproj/Main.storyboard; sourceTree = "<group>"; };
		E54888EC2602485200631BA1 /* Assets.xcassets */ = {isa = PBXFileReference; lastKnownFileType = folder.assetcatalog; path = Assets.xcassets; sourceTree = "<group>"; };
		E54888EF2602485200631BA1 /* Base */ = {isa = PBXFileReference; lastKnownFileType = file.storyboard; name = Base; path = Base.lproj/LaunchScreen.storyboard; sourceTree = "<group>"; };
		E54888F12602485200631BA1 /* Info.plist */ = {isa = PBXFileReference; lastKnownFileType = text.plist.xml; path = Info.plist; sourceTree = "<group>"; };
		E5586764260ACED600385A85 /* locations.geojson */ = {isa = PBXFileReference; fileEncoding = 4; lastKnownFileType = text; path = locations.geojson; sourceTree = "<group>"; };
/* End PBXFileReference section */

/* Begin PBXFrameworksBuildPhase section */
		E54888DD2602485100631BA1 /* Frameworks */ = {
			isa = PBXFrameworksBuildPhase;
			buildActionMask = 2147483647;
			files = (
				A25E98520D2B7135BC0E6246 /* Pods_Off_The_Grid.framework in Frameworks */,
			);
			runOnlyForDeploymentPostprocessing = 0;
		};
/* End PBXFrameworksBuildPhase section */

/* Begin PBXGroup section */
		3789F8C3F1C62ADA882172CC /* Pods */ = {
			isa = PBXGroup;
			children = (
				B871CDF0698B1CFF6EB78900 /* Pods-Off The Grid.debug.xcconfig */,
				39C6FAA1F48AB0E883A4CB1C /* Pods-Off The Grid.release.xcconfig */,
			);
			path = Pods;
			sourceTree = "<group>";
		};
		9223C118151ADD6649DAE99F /* Frameworks */ = {
			isa = PBXGroup;
			children = (
				539FCD9E5BD963820D1A8FD8 /* Pods_Off_The_Grid.framework */,
			);
			name = Frameworks;
			sourceTree = "<group>";
		};
		E54888D72602485100631BA1 = {
			isa = PBXGroup;
			children = (
				E54888E22602485100631BA1 /* Off The Grid */,
				E54888E12602485100631BA1 /* Products */,
				3789F8C3F1C62ADA882172CC /* Pods */,
				9223C118151ADD6649DAE99F /* Frameworks */,
			);
			sourceTree = "<group>";
		};
		E54888E12602485100631BA1 /* Products */ = {
			isa = PBXGroup;
			children = (
				E54888E02602485100631BA1 /* Off The Grid.app */,
			);
			name = Products;
			sourceTree = "<group>";
		};
		E54888E22602485100631BA1 /* Off The Grid */ = {
			isa = PBXGroup;
			children = (
				E54888E32602485100631BA1 /* AppDelegate.swift */,
				E54888E52602485100631BA1 /* SceneDelegate.swift */,
				E548890226024D9C00631BA1 /* Controllers */,
				E548890326024DA900631BA1 /* Views */,
				E54888EC2602485200631BA1 /* Assets.xcassets */,
				E54888EE2602485200631BA1 /* LaunchScreen.storyboard */,
				E54888F12602485200631BA1 /* Info.plist */,
				E5586764260ACED600385A85 /* locations.geojson */,
			);
			path = "Off The Grid";
			sourceTree = "<group>";
		};
		E548890226024D9C00631BA1 /* Controllers */ = {
			isa = PBXGroup;
			children = (
				E54888E72602485100631BA1 /* MapViewController.swift */,
			);
			path = Controllers;
			sourceTree = "<group>";
		};
		E548890326024DA900631BA1 /* Views */ = {
			isa = PBXGroup;
			children = (
				E54888E92602485100631BA1 /* Main.storyboard */,
			);
			path = Views;
			sourceTree = "<group>";
		};
/* End PBXGroup section */

/* Begin PBXNativeTarget section */
		E54888DF2602485100631BA1 /* Off The Grid */ = {
			isa = PBXNativeTarget;
			buildConfigurationList = E54888F42602485200631BA1 /* Build configuration list for PBXNativeTarget "Off The Grid" */;
			buildPhases = (
				D173A7C9F912E7DF26CE4B53 /* [CP] Check Pods Manifest.lock */,
				E54888DC2602485100631BA1 /* Sources */,
				E54888DD2602485100631BA1 /* Frameworks */,
				E54888DE2602485100631BA1 /* Resources */,
				7AF4FC1DF348E9FBE5A34EDD /* [CP] Embed Pods Frameworks */,
			);
			buildRules = (
			);
			dependencies = (
			);
			name = "Off The Grid";
			productName = "Off The Grid";
			productReference = E54888E02602485100631BA1 /* Off The Grid.app */;
			productType = "com.apple.product-type.application";
		};
/* End PBXNativeTarget section */

/* Begin PBXProject section */
		E54888D82602485100631BA1 /* Project object */ = {
			isa = PBXProject;
			attributes = {
				LastSwiftUpdateCheck = 1240;
				LastUpgradeCheck = 1240;
				TargetAttributes = {
					E54888DF2602485100631BA1 = {
						CreatedOnToolsVersion = 12.4;
					};
				};
			};
			buildConfigurationList = E54888DB2602485100631BA1 /* Build configuration list for PBXProject "Off The Grid" */;
			compatibilityVersion = "Xcode 9.3";
			developmentRegion = en;
			hasScannedForEncodings = 0;
			knownRegions = (
				en,
				Base,
			);
			mainGroup = E54888D72602485100631BA1;
			productRefGroup = E54888E12602485100631BA1 /* Products */;
			projectDirPath = "";
			projectRoot = "";
			targets = (
				E54888DF2602485100631BA1 /* Off The Grid */,
			);
		};
/* End PBXProject section */

/* Begin PBXResourcesBuildPhase section */
		E54888DE2602485100631BA1 /* Resources */ = {
			isa = PBXResourcesBuildPhase;
			buildActionMask = 2147483647;
			files = (
				E5586765260ACED600385A85 /* locations.geojson in Resources */,
				E54888F02602485200631BA1 /* LaunchScreen.storyboard in Resources */,
				E54888ED2602485200631BA1 /* Assets.xcassets in Resources */,
				E54888EB2602485100631BA1 /* Main.storyboard in Resources */,
			);
			runOnlyForDeploymentPostprocessing = 0;
		};
/* End PBXResourcesBuildPhase section */

/* Begin PBXShellScriptBuildPhase section */
		7AF4FC1DF348E9FBE5A34EDD /* [CP] Embed Pods Frameworks */ = {
			isa = PBXShellScriptBuildPhase;
			buildActionMask = 2147483647;
			files = (
			);
			inputFileListPaths = (
				"${PODS_ROOT}/Target Support Files/Pods-Off The Grid/Pods-Off The Grid-frameworks-${CONFIGURATION}-input-files.xcfilelist",
			);
			name = "[CP] Embed Pods Frameworks";
			outputFileListPaths = (
				"${PODS_ROOT}/Target Support Files/Pods-Off The Grid/Pods-Off The Grid-frameworks-${CONFIGURATION}-output-files.xcfilelist",
			);
			runOnlyForDeploymentPostprocessing = 0;
			shellPath = /bin/sh;
			shellScript = "\"${PODS_ROOT}/Target Support Files/Pods-Off The Grid/Pods-Off The Grid-frameworks.sh\"\n";
			showEnvVarsInLog = 0;
		};
		D173A7C9F912E7DF26CE4B53 /* [CP] Check Pods Manifest.lock */ = {
			isa = PBXShellScriptBuildPhase;
			buildActionMask = 2147483647;
			files = (
			);
			inputFileListPaths = (
			);
			inputPaths = (
				"${PODS_PODFILE_DIR_PATH}/Podfile.lock",
				"${PODS_ROOT}/Manifest.lock",
			);
			name = "[CP] Check Pods Manifest.lock";
			outputFileListPaths = (
			);
			outputPaths = (
				"$(DERIVED_FILE_DIR)/Pods-Off The Grid-checkManifestLockResult.txt",
			);
			runOnlyForDeploymentPostprocessing = 0;
			shellPath = /bin/sh;
			shellScript = "diff \"${PODS_PODFILE_DIR_PATH}/Podfile.lock\" \"${PODS_ROOT}/Manifest.lock\" > /dev/null\nif [ $? != 0 ] ; then\n    # print error to STDERR\n    echo \"error: The sandbox is not in sync with the Podfile.lock. Run 'pod install' or update your CocoaPods installation.\" >&2\n    exit 1\nfi\n# This output is used by Xcode 'outputs' to avoid re-running this script phase.\necho \"SUCCESS\" > \"${SCRIPT_OUTPUT_FILE_0}\"\n";
			showEnvVarsInLog = 0;
		};
/* End PBXShellScriptBuildPhase section */

/* Begin PBXSourcesBuildPhase section */
		E54888DC2602485100631BA1 /* Sources */ = {
			isa = PBXSourcesBuildPhase;
			buildActionMask = 2147483647;
			files = (
				E54888E82602485100631BA1 /* MapViewController.swift in Sources */,
				E54888E42602485100631BA1 /* AppDelegate.swift in Sources */,
				E54888E62602485100631BA1 /* SceneDelegate.swift in Sources */,
			);
			runOnlyForDeploymentPostprocessing = 0;
		};
/* End PBXSourcesBuildPhase section */

/* Begin PBXVariantGroup section */
		E54888E92602485100631BA1 /* Main.storyboard */ = {
			isa = PBXVariantGroup;
			children = (
				E54888EA2602485100631BA1 /* Base */,
			);
			name = Main.storyboard;
			sourceTree = "<group>";
		};
		E54888EE2602485200631BA1 /* LaunchScreen.storyboard */ = {
			isa = PBXVariantGroup;
			children = (
				E54888EF2602485200631BA1 /* Base */,
			);
			name = LaunchScreen.storyboard;
			sourceTree = "<group>";
		};
/* End PBXVariantGroup section */

/* Begin XCBuildConfiguration section */
		E54888F22602485200631BA1 /* Debug */ = {
			isa = XCBuildConfiguration;
			buildSettings = {
				ALWAYS_SEARCH_USER_PATHS = NO;
				CLANG_ANALYZER_NONNULL = YES;
				CLANG_ANALYZER_NUMBER_OBJECT_CONVERSION = YES_AGGRESSIVE;
				CLANG_CXX_LANGUAGE_STANDARD = "gnu++14";
				CLANG_CXX_LIBRARY = "libc++";
				CLANG_ENABLE_MODULES = YES;
				CLANG_ENABLE_OBJC_ARC = YES;
				CLANG_ENABLE_OBJC_WEAK = YES;
				CLANG_WARN_BLOCK_CAPTURE_AUTORELEASING = YES;
				CLANG_WARN_BOOL_CONVERSION = YES;
				CLANG_WARN_COMMA = YES;
				CLANG_WARN_CONSTANT_CONVERSION = YES;
				CLANG_WARN_DEPRECATED_OBJC_IMPLEMENTATIONS = YES;
				CLANG_WARN_DIRECT_OBJC_ISA_USAGE = YES_ERROR;
				CLANG_WARN_DOCUMENTATION_COMMENTS = YES;
				CLANG_WARN_EMPTY_BODY = YES;
				CLANG_WARN_ENUM_CONVERSION = YES;
				CLANG_WARN_INFINITE_RECURSION = YES;
				CLANG_WARN_INT_CONVERSION = YES;
				CLANG_WARN_NON_LITERAL_NULL_CONVERSION = YES;
				CLANG_WARN_OBJC_IMPLICIT_RETAIN_SELF = YES;
				CLANG_WARN_OBJC_LITERAL_CONVERSION = YES;
				CLANG_WARN_OBJC_ROOT_CLASS = YES_ERROR;
				CLANG_WARN_QUOTED_INCLUDE_IN_FRAMEWORK_HEADER = YES;
				CLANG_WARN_RANGE_LOOP_ANALYSIS = YES;
				CLANG_WARN_STRICT_PROTOTYPES = YES;
				CLANG_WARN_SUSPICIOUS_MOVE = YES;
				CLANG_WARN_UNGUARDED_AVAILABILITY = YES_AGGRESSIVE;
				CLANG_WARN_UNREACHABLE_CODE = YES;
				CLANG_WARN__DUPLICATE_METHOD_MATCH = YES;
				COPY_PHASE_STRIP = NO;
				DEBUG_INFORMATION_FORMAT = dwarf;
				ENABLE_STRICT_OBJC_MSGSEND = YES;
				ENABLE_TESTABILITY = YES;
				GCC_C_LANGUAGE_STANDARD = gnu11;
				GCC_DYNAMIC_NO_PIC = NO;
				GCC_NO_COMMON_BLOCKS = YES;
				GCC_OPTIMIZATION_LEVEL = 0;
				GCC_PREPROCESSOR_DEFINITIONS = (
					"DEBUG=1",
					"$(inherited)",
				);
				GCC_WARN_64_TO_32_BIT_CONVERSION = YES;
				GCC_WARN_ABOUT_RETURN_TYPE = YES_ERROR;
				GCC_WARN_UNDECLARED_SELECTOR = YES;
				GCC_WARN_UNINITIALIZED_AUTOS = YES_AGGRESSIVE;
				GCC_WARN_UNUSED_FUNCTION = YES;
				GCC_WARN_UNUSED_VARIABLE = YES;
				IPHONEOS_DEPLOYMENT_TARGET = 14.4;
				MTL_ENABLE_DEBUG_INFO = INCLUDE_SOURCE;
				MTL_FAST_MATH = YES;
				ONLY_ACTIVE_ARCH = YES;
				SDKROOT = iphoneos;
				SWIFT_ACTIVE_COMPILATION_CONDITIONS = DEBUG;
				SWIFT_OPTIMIZATION_LEVEL = "-Onone";
			};
			name = Debug;
		};
		E54888F32602485200631BA1 /* Release */ = {
			isa = XCBuildConfiguration;
			buildSettings = {
				ALWAYS_SEARCH_USER_PATHS = NO;
				CLANG_ANALYZER_NONNULL = YES;
				CLANG_ANALYZER_NUMBER_OBJECT_CONVERSION = YES_AGGRESSIVE;
				CLANG_CXX_LANGUAGE_STANDARD = "gnu++14";
				CLANG_CXX_LIBRARY = "libc++";
				CLANG_ENABLE_MODULES = YES;
				CLANG_ENABLE_OBJC_ARC = YES;
				CLANG_ENABLE_OBJC_WEAK = YES;
				CLANG_WARN_BLOCK_CAPTURE_AUTORELEASING = YES;
				CLANG_WARN_BOOL_CONVERSION = YES;
				CLANG_WARN_COMMA = YES;
				CLANG_WARN_CONSTANT_CONVERSION = YES;
				CLANG_WARN_DEPRECATED_OBJC_IMPLEMENTATIONS = YES;
				CLANG_WARN_DIRECT_OBJC_ISA_USAGE = YES_ERROR;
				CLANG_WARN_DOCUMENTATION_COMMENTS = YES;
				CLANG_WARN_EMPTY_BODY = YES;
				CLANG_WARN_ENUM_CONVERSION = YES;
				CLANG_WARN_INFINITE_RECURSION = YES;
				CLANG_WARN_INT_CONVERSION = YES;
				CLANG_WARN_NON_LITERAL_NULL_CONVERSION = YES;
				CLANG_WARN_OBJC_IMPLICIT_RETAIN_SELF = YES;
				CLANG_WARN_OBJC_LITERAL_CONVERSION = YES;
				CLANG_WARN_OBJC_ROOT_CLASS = YES_ERROR;
				CLANG_WARN_QUOTED_INCLUDE_IN_FRAMEWORK_HEADER = YES;
				CLANG_WARN_RANGE_LOOP_ANALYSIS = YES;
				CLANG_WARN_STRICT_PROTOTYPES = YES;
				CLANG_WARN_SUSPICIOUS_MOVE = YES;
				CLANG_WARN_UNGUARDED_AVAILABILITY = YES_AGGRESSIVE;
				CLANG_WARN_UNREACHABLE_CODE = YES;
				CLANG_WARN__DUPLICATE_METHOD_MATCH = YES;
				COPY_PHASE_STRIP = NO;
				DEBUG_INFORMATION_FORMAT = "dwarf-with-dsym";
				ENABLE_NS_ASSERTIONS = NO;
				ENABLE_STRICT_OBJC_MSGSEND = YES;
				GCC_C_LANGUAGE_STANDARD = gnu11;
				GCC_NO_COMMON_BLOCKS = YES;
				GCC_WARN_64_TO_32_BIT_CONVERSION = YES;
				GCC_WARN_ABOUT_RETURN_TYPE = YES_ERROR;
				GCC_WARN_UNDECLARED_SELECTOR = YES;
				GCC_WARN_UNINITIALIZED_AUTOS = YES_AGGRESSIVE;
				GCC_WARN_UNUSED_FUNCTION = YES;
				GCC_WARN_UNUSED_VARIABLE = YES;
				IPHONEOS_DEPLOYMENT_TARGET = 14.4;
				MTL_ENABLE_DEBUG_INFO = NO;
				MTL_FAST_MATH = YES;
				SDKROOT = iphoneos;
				SWIFT_COMPILATION_MODE = wholemodule;
				SWIFT_OPTIMIZATION_LEVEL = "-O";
				VALIDATE_PRODUCT = YES;
			};
			name = Release;
		};
		E54888F52602485200631BA1 /* Debug */ = {
			isa = XCBuildConfiguration;
			baseConfigurationReference = B871CDF0698B1CFF6EB78900 /* Pods-Off The Grid.debug.xcconfig */;
			buildSettings = {
				ASSETCATALOG_COMPILER_APPICON_NAME = AppIcon;
				ASSETCATALOG_COMPILER_GLOBAL_ACCENT_COLOR_NAME = AccentColor;
				CODE_SIGN_STYLE = Automatic;
				DEVELOPMENT_TEAM = BCGN9M6LM3;
				INFOPLIST_FILE = "Off The Grid/Info.plist";
				LD_RUNPATH_SEARCH_PATHS = (
					"$(inherited)",
					"@executable_path/Frameworks",
				);
				PRODUCT_BUNDLE_IDENTIFIER = "com.thaolyngo.Off-The-Grid";
				PRODUCT_NAME = "$(TARGET_NAME)";
				SWIFT_VERSION = 5.0;
				TARGETED_DEVICE_FAMILY = "1,2";
			};
			name = Debug;
		};
		E54888F62602485200631BA1 /* Release */ = {
			isa = XCBuildConfiguration;
			baseConfigurationReference = 39C6FAA1F48AB0E883A4CB1C /* Pods-Off The Grid.release.xcconfig */;
			buildSettings = {
				ASSETCATALOG_COMPILER_APPICON_NAME = AppIcon;
				ASSETCATALOG_COMPILER_GLOBAL_ACCENT_COLOR_NAME = AccentColor;
				CODE_SIGN_STYLE = Automatic;
				DEVELOPMENT_TEAM = BCGN9M6LM3;
				INFOPLIST_FILE = "Off The Grid/Info.plist";
				LD_RUNPATH_SEARCH_PATHS = (
					"$(inherited)",
					"@executable_path/Frameworks",
				);
				PRODUCT_BUNDLE_IDENTIFIER = "com.thaolyngo.Off-The-Grid";
				PRODUCT_NAME = "$(TARGET_NAME)";
				SWIFT_VERSION = 5.0;
				TARGETED_DEVICE_FAMILY = "1,2";
			};
			name = Release;
		};
/* End XCBuildConfiguration section */

/* Begin XCConfigurationList section */
		E54888DB2602485100631BA1 /* Build configuration list for PBXProject "Off The Grid" */ = {
			isa = XCConfigurationList;
			buildConfigurations = (
				E54888F22602485200631BA1 /* Debug */,
				E54888F32602485200631BA1 /* Release */,
			);
			defaultConfigurationIsVisible = 0;
			defaultConfigurationName = Release;
		};
		E54888F42602485200631BA1 /* Build configuration list for PBXNativeTarget "Off The Grid" */ = {
			isa = XCConfigurationList;
			buildConfigurations = (
				E54888F52602485200631BA1 /* Debug */,
				E54888F62602485200631BA1 /* Release */,
			);
			defaultConfigurationIsVisible = 0;
			defaultConfigurationName = Release;
		};
/* End XCConfigurationList section */
	};
	rootObject = E54888D82602485100631BA1 /* Project object */;
}
